
Microsoft Visual Studio Solution File, Format Version 12.00
# Visual Studio 15
VisualStudioVersion = 15.0.28307.539
MinimumVisualStudioVersion = 10.0.40219.1
Project("{9A19103F-16F7-4668-BE54-9A1E7A4F7556}") = "techtalk", "techtalk\techtalk.csproj", "{2DBD5EED-7CC6-4691-B1B5-3A7C3EFFD44D}"
EndProject
Project("{FAE04EC0-301F-11D3-BF4B-00C04F79EFBC}") = "Profiling", "ProfilingFramework\Profiling.csproj", "{3915F7A0-F225-4A0D-A2E4-456FD6F06224}"
EndProject
Global
	GlobalSection(SolutionConfigurationPlatforms) = preSolution
		Debug|Any CPU = Debug|Any CPU
		Release|Any CPU = Release|Any CPU
	EndGlobalSection
	GlobalSection(ProjectConfigurationPlatforms) = postSolution
		{2DBD5EED-7CC6-4691-B1B5-3A7C3EFFD44D}.Debug|Any CPU.ActiveCfg = Debug|Any CPU
		{2DBD5EED-7CC6-4691-B1B5-3A7C3EFFD44D}.Debug|Any CPU.Build.0 = Debug|Any CPU
		{2DBD5EED-7CC6-4691-B1B5-3A7C3EFFD44D}.Release|Any CPU.ActiveCfg = Release|Any CPU
		{2DBD5EED-7CC6-4691-B1B5-3A7C3EFFD44D}.Release|Any CPU.Build.0 = Release|Any CPU
		{3915F7A0-F225-4A0D-A2E4-456FD6F06224}.Debug|Any CPU.ActiveCfg = Debug|Any CPU
		{3915F7A0-F225-4A0D-A2E4-456FD6F06224}.Debug|Any CPU.Build.0 = Debug|Any CPU
		{3915F7A0-F225-4A0D-A2E4-456FD6F06224}.Release|Any CPU.ActiveCfg = Release|Any CPU
		{3915F7A0-F225-4A0D-A2E4-456FD6F06224}.Release|Any CPU.Build.0 = Release|Any CPU
	EndGlobalSection
	GlobalSection(SolutionProperties) = preSolution
		HideSolutionNode = FALSE
	EndGlobalSection
	GlobalSection(ExtensibilityGlobals) = postSolution
		SolutionGuid = {4D0B2F42-11AB-462F-93C0-0944A1E7CDD7}
	EndGlobalSection
EndGlobal
